
Microsoft Visual Studio Solution File, Format Version 12.00
# Visual Studio 15
Project("{FAE04EC0-301F-11D3-BF4B-00C04F79EFBC}") = "WebBlog", "WebBlog\WebBlog.csproj", "{33ECA0A7-3355-4287-AE6F-FFE97BBAF6B0}"
EndProject
Global
	GlobalSection(SolutionConfigurationPlatforms) = preSolution
		Debug|Any CPU = Debug|Any CPU
		Release|Any CPU = Release|Any CPU
	EndGlobalSection
	GlobalSection(ProjectConfigurationPlatforms) = postSolution
		{33ECA0A7-3355-4287-AE6F-FFE97BBAF6B0}.Debug|Any CPU.ActiveCfg = Debug|Any CPU
		{33ECA0A7-3355-4287-AE6F-FFE97BBAF6B0}.Debug|Any CPU.Build.0 = Debug|Any CPU
		{33ECA0A7-3355-4287-AE6F-FFE97BBAF6B0}.Release|Any CPU.ActiveCfg = Release|Any CPU
		{33ECA0A7-3355-4287-AE6F-FFE97BBAF6B0}.Release|Any CPU.Build.0 = Release|Any CPU
	EndGlobalSection
EndGlobal
