
Microsoft Visual Studio Solution File, Format Version 12.00
# Visual Studio 15
Project("{FAE04EC0-301F-11D3-BF4B-00C04F79EFBC}") = "FileImport", "FileImport\FileImport.csproj", "{0E008815-DBA4-42E6-A7C5-E776A3B8C29B}"
EndProject
Global
	GlobalSection(SolutionConfigurationPlatforms) = preSolution
		Debug|Any CPU = Debug|Any CPU
		Release|Any CPU = Release|Any CPU
	EndGlobalSection
	GlobalSection(ProjectConfigurationPlatforms) = postSolution
		{0E008815-DBA4-42E6-A7C5-E776A3B8C29B}.Debug|Any CPU.ActiveCfg = Debug|Any CPU
		{0E008815-DBA4-42E6-A7C5-E776A3B8C29B}.Debug|Any CPU.Build.0 = Debug|Any CPU
		{0E008815-DBA4-42E6-A7C5-E776A3B8C29B}.Release|Any CPU.ActiveCfg = Release|Any CPU
		{0E008815-DBA4-42E6-A7C5-E776A3B8C29B}.Release|Any CPU.Build.0 = Release|Any CPU
	EndGlobalSection
EndGlobal
